
Microsoft Visual Studio Solution File, Format Version 12.00
# Visual Studio 15
VisualStudioVersion = 15.0.28010.2036
MinimumVisualStudioVersion = 10.0.40219.1
Project("{FAE04EC0-301F-11D3-BF4B-00C04F79EFBC}") = "Hymma", "Hymma\Hymma.csproj", "{FCD731A2-A746-4FE4-8658-ADBD48E53A54}"
EndProject
Project("{FAE04EC0-301F-11D3-BF4B-00C04F79EFBC}") = "Ciel", "Ciel\Ciel.csproj", "{98AD7238-C315-4846-A1BA-94C2B1F93B3C}"
EndProject
Global
	GlobalSection(SolutionConfigurationPlatforms) = preSolution
		Debug|Any CPU = Debug|Any CPU
		Release|Any CPU = Release|Any CPU
	EndGlobalSection
	GlobalSection(ProjectConfigurationPlatforms) = postSolution
		{FCD731A2-A746-4FE4-8658-ADBD48E53A54}.Debug|Any CPU.ActiveCfg = Debug|Any CPU
		{FCD731A2-A746-4FE4-8658-ADBD48E53A54}.Debug|Any CPU.Build.0 = Debug|Any CPU
		{FCD731A2-A746-4FE4-8658-ADBD48E53A54}.Release|Any CPU.ActiveCfg = Release|Any CPU
		{FCD731A2-A746-4FE4-8658-ADBD48E53A54}.Release|Any CPU.Build.0 = Release|Any CPU
		{98AD7238-C315-4846-A1BA-94C2B1F93B3C}.Debug|Any CPU.ActiveCfg = Debug|Any CPU
		{98AD7238-C315-4846-A1BA-94C2B1F93B3C}.Debug|Any CPU.Build.0 = Debug|Any CPU
		{98AD7238-C315-4846-A1BA-94C2B1F93B3C}.Release|Any CPU.ActiveCfg = Release|Any CPU
		{98AD7238-C315-4846-A1BA-94C2B1F93B3C}.Release|Any CPU.Build.0 = Release|Any CPU
	EndGlobalSection
	GlobalSection(SolutionProperties) = preSolution
		HideSolutionNode = FALSE
	EndGlobalSection
	GlobalSection(ExtensibilityGlobals) = postSolution
		SolutionGuid = {8D5B2AB0-CAA7-4794-926E-9C09A3067038}
	EndGlobalSection
EndGlobal
